
Microsoft Visual Studio Solution File, Format Version 12.00
# Visual Studio 15
VisualStudioVersion = 15.0.27703.2035
MinimumVisualStudioVersion = 10.0.40219.1
Project("{888888A0-9F3D-457C-B088-3A5042F75D52}") = "PythonPullAPIdata", "PythonPullAPIdata\PythonPullAPIdata.pyproj", "{D298DE89-4666-4BD5-BF76-97DEF517A157}"
EndProject
Global
	GlobalSection(SolutionConfigurationPlatforms) = preSolution
		Debug|Any CPU = Debug|Any CPU
		Release|Any CPU = Release|Any CPU
	EndGlobalSection
	GlobalSection(ProjectConfigurationPlatforms) = postSolution
		{D298DE89-4666-4BD5-BF76-97DEF517A157}.Debug|Any CPU.ActiveCfg = Debug|Any CPU
		{D298DE89-4666-4BD5-BF76-97DEF517A157}.Release|Any CPU.ActiveCfg = Release|Any CPU
	EndGlobalSection
	GlobalSection(SolutionProperties) = preSolution
		HideSolutionNode = FALSE
	EndGlobalSection
	GlobalSection(ExtensibilityGlobals) = postSolution
		SolutionGuid = {51F44A9E-332D-4839-83FB-128E911E6029}
	EndGlobalSection
EndGlobal
